
Microsoft Visual Studio Solution File, Format Version 12.00
# Visual Studio Version 17
VisualStudioVersion = 17.2.32526.322
MinimumVisualStudioVersion = 10.0.40219.1
Project("{9A19103F-16F7-4668-BE54-9A1E7A4F7556}") = "RentaCar.Core", "RentaCarCore\RentaCar.Core.csproj", "{BAD7FA90-2550-4C89-8CFA-02B905E5D093}"
EndProject
Project("{9A19103F-16F7-4668-BE54-9A1E7A4F7556}") = "RentaCar.Repository", "RentaCar.Repository\RentaCar.Repository.csproj", "{AB8C7384-6211-4BD7-8B90-6E50D9F4BD60}"
EndProject
Project("{9A19103F-16F7-4668-BE54-9A1E7A4F7556}") = "RentaCar.Service", "RentaCar.Service\RentaCar.Service.csproj", "{A6FCBEFF-8AA8-4FD0-8A2F-B82E344AD917}"
EndProject
Project("{9A19103F-16F7-4668-BE54-9A1E7A4F7556}") = "RentaCar.API", "RentaCarAPI\RentaCar.API.csproj", "{16F0A459-64C7-4F41-B211-8DF4A7D67616}"
EndProject
Project("{9A19103F-16F7-4668-BE54-9A1E7A4F7556}") = "RentaCar.Caching", "RenaCar.Caching\RentaCar.Caching.csproj", "{C3C0F75D-7B01-46B1-84BF-130A0FFB2F4F}"
EndProject
Project("{2150E333-8FDC-42A3-9474-1A3956D46DE8}") = "Solution Items", "Solution Items", "{5EDB813E-4AF7-4A38-ADC8-219E8E47A110}"
	ProjectSection(SolutionItems) = preProject
		.editorconfig = .editorconfig
	EndProjectSection
EndProject
Project("{9A19103F-16F7-4668-BE54-9A1E7A4F7556}") = "RabbitMQ.Console", "RabbitMQ.Console\RabbitMQ.Console.csproj", "{A96E6ED4-8DEA-43F3-BF9E-C961479BB5FD}"
EndProject
Project("{FAE04EC0-301F-11D3-BF4B-00C04F79EFBC}") = "RentaCar.CarUnitTest", "RentaCar.CarUnitTest\RentaCar.CarUnitTest.csproj", "{CA6E1881-609C-4DC8-9B67-001308C7234B}"
EndProject
Global
	GlobalSection(SolutionConfigurationPlatforms) = preSolution
		Debug|Any CPU = Debug|Any CPU
		Release|Any CPU = Release|Any CPU
	EndGlobalSection
	GlobalSection(ProjectConfigurationPlatforms) = postSolution
		{BAD7FA90-2550-4C89-8CFA-02B905E5D093}.Debug|Any CPU.ActiveCfg = Debug|Any CPU
		{BAD7FA90-2550-4C89-8CFA-02B905E5D093}.Debug|Any CPU.Build.0 = Debug|Any CPU
		{BAD7FA90-2550-4C89-8CFA-02B905E5D093}.Release|Any CPU.ActiveCfg = Release|Any CPU
		{BAD7FA90-2550-4C89-8CFA-02B905E5D093}.Release|Any CPU.Build.0 = Release|Any CPU
		{AB8C7384-6211-4BD7-8B90-6E50D9F4BD60}.Debug|Any CPU.ActiveCfg = Debug|Any CPU
		{AB8C7384-6211-4BD7-8B90-6E50D9F4BD60}.Debug|Any CPU.Build.0 = Debug|Any CPU
		{AB8C7384-6211-4BD7-8B90-6E50D9F4BD60}.Release|Any CPU.ActiveCfg = Release|Any CPU
		{AB8C7384-6211-4BD7-8B90-6E50D9F4BD60}.Release|Any CPU.Build.0 = Release|Any CPU
		{A6FCBEFF-8AA8-4FD0-8A2F-B82E344AD917}.Debug|Any CPU.ActiveCfg = Debug|Any CPU
		{A6FCBEFF-8AA8-4FD0-8A2F-B82E344AD917}.Debug|Any CPU.Build.0 = Debug|Any CPU
		{A6FCBEFF-8AA8-4FD0-8A2F-B82E344AD917}.Release|Any CPU.ActiveCfg = Release|Any CPU
		{A6FCBEFF-8AA8-4FD0-8A2F-B82E344AD917}.Release|Any CPU.Build.0 = Release|Any CPU
		{16F0A459-64C7-4F41-B211-8DF4A7D67616}.Debug|Any CPU.ActiveCfg = Debug|Any CPU
		{16F0A459-64C7-4F41-B211-8DF4A7D67616}.Debug|Any CPU.Build.0 = Debug|Any CPU
		{16F0A459-64C7-4F41-B211-8DF4A7D67616}.Release|Any CPU.ActiveCfg = Release|Any CPU
		{16F0A459-64C7-4F41-B211-8DF4A7D67616}.Release|Any CPU.Build.0 = Release|Any CPU
		{C3C0F75D-7B01-46B1-84BF-130A0FFB2F4F}.Debug|Any CPU.ActiveCfg = Debug|Any CPU
		{C3C0F75D-7B01-46B1-84BF-130A0FFB2F4F}.Debug|Any CPU.Build.0 = Debug|Any CPU
		{C3C0F75D-7B01-46B1-84BF-130A0FFB2F4F}.Release|Any CPU.ActiveCfg = Release|Any CPU
		{C3C0F75D-7B01-46B1-84BF-130A0FFB2F4F}.Release|Any CPU.Build.0 = Release|Any CPU
		{A96E6ED4-8DEA-43F3-BF9E-C961479BB5FD}.Debug|Any CPU.ActiveCfg = Debug|Any CPU
		{A96E6ED4-8DEA-43F3-BF9E-C961479BB5FD}.Debug|Any CPU.Build.0 = Debug|Any CPU
		{A96E6ED4-8DEA-43F3-BF9E-C961479BB5FD}.Release|Any CPU.ActiveCfg = Release|Any CPU
		{A96E6ED4-8DEA-43F3-BF9E-C961479BB5FD}.Release|Any CPU.Build.0 = Release|Any CPU
		{CA6E1881-609C-4DC8-9B67-001308C7234B}.Debug|Any CPU.ActiveCfg = Debug|Any CPU
		{CA6E1881-609C-4DC8-9B67-001308C7234B}.Debug|Any CPU.Build.0 = Debug|Any CPU
		{CA6E1881-609C-4DC8-9B67-001308C7234B}.Release|Any CPU.ActiveCfg = Release|Any CPU
		{CA6E1881-609C-4DC8-9B67-001308C7234B}.Release|Any CPU.Build.0 = Release|Any CPU
	EndGlobalSection
	GlobalSection(SolutionProperties) = preSolution
		HideSolutionNode = FALSE
	EndGlobalSection
	GlobalSection(ExtensibilityGlobals) = postSolution
		SolutionGuid = {4EEF25C0-D6DA-4E34-AECC-7396D3455734}
	EndGlobalSection
EndGlobal
